
Microsoft Visual Studio Solution File, Format Version 12.00
# Visual Studio Version 16
VisualStudioVersion = 16.0.31702.278
MinimumVisualStudioVersion = 10.0.40219.1
Project("{FAE04EC0-301F-11D3-BF4B-00C04F79EFBC}") = "LottoSim.ConsoleApp", "LottoSim.ConsoleApp.csproj", "{58E37701-7723-4DE7-84A3-29D28BCEF732}"
EndProject
Global
	GlobalSection(SolutionConfigurationPlatforms) = preSolution
		Debug|Any CPU = Debug|Any CPU
		Release|Any CPU = Release|Any CPU
	EndGlobalSection
	GlobalSection(ProjectConfigurationPlatforms) = postSolution
		{58E37701-7723-4DE7-84A3-29D28BCEF732}.Debug|Any CPU.ActiveCfg = Debug|Any CPU
		{58E37701-7723-4DE7-84A3-29D28BCEF732}.Debug|Any CPU.Build.0 = Debug|Any CPU
		{58E37701-7723-4DE7-84A3-29D28BCEF732}.Release|Any CPU.ActiveCfg = Release|Any CPU
		{58E37701-7723-4DE7-84A3-29D28BCEF732}.Release|Any CPU.Build.0 = Release|Any CPU
	EndGlobalSection
	GlobalSection(SolutionProperties) = preSolution
		HideSolutionNode = FALSE
	EndGlobalSection
	GlobalSection(ExtensibilityGlobals) = postSolution
		SolutionGuid = {8067F7CB-5151-4C54-9D94-E57E6F751841}
	EndGlobalSection
EndGlobal
