
Microsoft Visual Studio Solution File, Format Version 12.00
# Visual Studio Version 16
VisualStudioVersion = 16.0.31702.278
MinimumVisualStudioVersion = 10.0.40219.1
Project("{FAE04EC0-301F-11D3-BF4B-00C04F79EFBC}") = "papier, kamień, nożyce", "papier, kamień, nożyce.csproj", "{0F476DE2-AA22-440C-B1D4-54E9A13E6BFC}"
EndProject
Global
	GlobalSection(SolutionConfigurationPlatforms) = preSolution
		Debug|Any CPU = Debug|Any CPU
		Release|Any CPU = Release|Any CPU
	EndGlobalSection
	GlobalSection(ProjectConfigurationPlatforms) = postSolution
		{0F476DE2-AA22-440C-B1D4-54E9A13E6BFC}.Debug|Any CPU.ActiveCfg = Debug|Any CPU
		{0F476DE2-AA22-440C-B1D4-54E9A13E6BFC}.Debug|Any CPU.Build.0 = Debug|Any CPU
		{0F476DE2-AA22-440C-B1D4-54E9A13E6BFC}.Release|Any CPU.ActiveCfg = Release|Any CPU
		{0F476DE2-AA22-440C-B1D4-54E9A13E6BFC}.Release|Any CPU.Build.0 = Release|Any CPU
	EndGlobalSection
	GlobalSection(SolutionProperties) = preSolution
		HideSolutionNode = FALSE
	EndGlobalSection
	GlobalSection(ExtensibilityGlobals) = postSolution
		SolutionGuid = {508E952B-2027-4590-8DDC-66E3F55FC382}
	EndGlobalSection
EndGlobal
